dependencies:
- name: clusterd
  repository: file://../clusterd
  version: 0.1.0
- name: dlpd
  repository: file://../dlpd
  version: 0.1.0
- name: rated
  repository: file://../rated
  version: 0.1.0
- name: sasid
  repository: file://../sasid
  version: 0.1.0
- name: savdid
  repository: file://../savdid
  version: 0.1.0
- name: expurgate
  repository: file://../expurgate
  version: 0.1.0
- name: smtpd
  repository: file://../smtpd
  version: 0.1.0
- name: web
  repository: file://../web
  version: 0.1.0
digest: sha256:c679f31f9b7e63733fee910da18338e6f8b484977a46e0c9a8f679e286fde81b
generated: "2025-01-29T17:46:28.956267718Z"
