dependencies:
- name: clusterd
  repository: file://../clusterd
  version: 0.1.0
- name: policyd
  repository: file://../policyd
  version: 0.1.0
- name: dlpd
  repository: file://../dlpd
  version: 0.1.0
- name: rated
  repository: file://../rated
  version: 0.1.0
- name: sasid
  repository: file://../sasid
  version: 0.1.0
- name: savdid
  repository: file://../savdid
  version: 0.1.0
- name: expurgate
  repository: file://../expurgate
  version: 0.1.0
- name: smtpd
  repository: file://../smtpd
  version: 0.1.0
- name: web
  repository: file://../web
  version: 0.1.0
- name: classifier
  repository: file://../classifier
  version: 0.1.0
digest: sha256:c53116ef5f18e91507107ba1429edafa5140b8103a56f2c261002ed41228a880
generated: "2025-09-16T11:29:57.552365252Z"
